
Microsoft Visual Studio Solution File, Format Version 12.00
# Visual Studio 2012
Project("{8BC9CEB8-8B4A-11D0-8D11-00A0C91BC942}") = "SuperSDG2_2005", "SuperSDG2_2005.vcxproj", "{08F436F8-CA88-4094-99CB-8A3969F8E63C}"
EndProject
Global
	GlobalSection(SolutionConfigurationPlatforms) = preSolution
		Debug|Win32 = Debug|Win32
		Release|Win32 = Release|Win32
	EndGlobalSection
	GlobalSection(ProjectConfigurationPlatforms) = postSolution
		{08F436F8-CA88-4094-99CB-8A3969F8E63C}.Debug|Win32.ActiveCfg = Debug|Win32
		{08F436F8-CA88-4094-99CB-8A3969F8E63C}.Debug|Win32.Build.0 = Debug|Win32
		{08F436F8-CA88-4094-99CB-8A3969F8E63C}.Release|Win32.ActiveCfg = Release|Win32
		{08F436F8-CA88-4094-99CB-8A3969F8E63C}.Release|Win32.Build.0 = Release|Win32
	EndGlobalSection
	GlobalSection(SolutionProperties) = preSolution
		HideSolutionNode = FALSE
	EndGlobalSection
EndGlobal
